<?xml version="1.0" encoding="utf-8"?>
<Project ToolsVersion="4.0" xmlns="http://schemas.microsoft.com/developer/msbuild/2003">
  <ItemGroup>
    <Filter Include="ReflectionTests">
      <UniqueIdentifier>{fb3abfd7-7ac9-4e64-a1f3-40082e2e3894}</UniqueIdentifier>
    </Filter>
    <Filter Include="TestData">
      <UniqueIdentifier>{c7ab97b6-4ea0-43da-b3ab-28fee85927df}</UniqueIdentifier>
    </Filter>
    <Filter Include="TestData\TestReflectionData">
      <UniqueIdentifier>{f9f5107f-6d0f-4818-9498-1d35d19e4eab}</UniqueIdentifier>
    </Filter>
    <Filter Include="TestData\TestRenderingData">
      <UniqueIdentifier>{9380986f-ddf3-46fd-9b9e-f19e78080393}</UniqueIdentifier>
    </Filter>
    <Filter Include="MockObjects">
      <UniqueIdentifier>{a972d210-46ee-40d1-9488-6814f15daacf}</UniqueIdentifier>
    </Filter>
    <Filter Include="Utils">
      <UniqueIdentifier>{9c0557d6-f51d-43df-b047-7d4d45fa6e16}</UniqueIdentifier>
    </Filter>
  </ItemGroup>
  <ItemGroup>
    <Xml Include="TestData\TestReflectionData\test_route_file.xml">
      <Filter>TestData\TestReflectionData</Filter>
    </Xml>
    <Xml Include="TestData\TestReflectionData\test_systems_file.xml">
      <Filter>TestData\TestReflectionData</Filter>
    </Xml>
    <Xml Include="TestData\TestReflectionData\test_components_file.xml">
      <Filter>TestData\TestReflectionData</Filter>
    </Xml>
  </ItemGroup>
  <ItemGroup>
    <ClCompile Include="ReflectionTests\ReflectionInitTests.cpp">
      <Filter>ReflectionTests</Filter>
    </ClCompile>
    <ClCompile Include="MockObjects\MockGameCore.cpp">
      <Filter>MockObjects</Filter>
    </ClCompile>
    <ClCompile Include="MockObjects\MockComponent.cpp">
      <Filter>MockObjects</Filter>
    </ClCompile>
    <ClCompile Include="MockObjects\MockSystem.cpp">
      <Filter>MockObjects</Filter>
    </ClCompile>
    <ClCompile Include="MockObjects\MockCustomDataType.cpp">
      <Filter>MockObjects</Filter>
    </ClCompile>
  </ItemGroup>
  <ItemGroup>
    <ClInclude Include="MockObjects\MockGameCore.h">
      <Filter>MockObjects</Filter>
    </ClInclude>
    <ClInclude Include="MockObjects\MockComponent.h">
      <Filter>MockObjects</Filter>
    </ClInclude>
    <ClInclude Include="MockObjects\MockSystem.h">
      <Filter>MockObjects</Filter>
    </ClInclude>
    <ClInclude Include="MockObjects\MockCustomDataType.h">
      <Filter>MockObjects</Filter>
    </ClInclude>
    <ClInclude Include="Utils\TestHelpers.h">
      <Filter>Utils</Filter>
    </ClInclude>
  </ItemGroup>
</Project>