<?xml version="1.0" encoding="utf-8"?>
<Project ToolsVersion="4.0" xmlns="http://schemas.microsoft.com/developer/msbuild/2003">
  <ItemGroup>
    <Filter Include="Libraries">
      <UniqueIdentifier>{67DA6AB6-F800-4c08-8B7A-83BB121AAD01}</UniqueIdentifier>
      <Extensions>rc;ico;cur;bmp;dlg;rc2;rct;bin;rgs;gif;jpg;jpeg;jpe;resx;tiff;tif;png;wav;mfcribbon-ms</Extensions>
    </Filter>
    <Filter Include="Reflection">
      <UniqueIdentifier>{ab8c89f5-370a-4970-818a-870ad03113b3}</UniqueIdentifier>
    </Filter>
    <Filter Include="ECS">
      <UniqueIdentifier>{086fc726-3f55-4e8a-b7ad-9a9aaec12f05}</UniqueIdentifier>
    </Filter>
    <Filter Include="Utils">
      <UniqueIdentifier>{46ff4215-b38f-4002-932b-ba91583b407b}</UniqueIdentifier>
    </Filter>
    <Filter Include="Core">
      <UniqueIdentifier>{6be6307c-2087-49c7-93cf-3d0feeffe9a8}</UniqueIdentifier>
    </Filter>
    <Filter Include="Tests">
      <UniqueIdentifier>{97113a89-756d-4a08-a8c8-a67742d7b089}</UniqueIdentifier>
    </Filter>
    <Filter Include="Patterns">
      <UniqueIdentifier>{571a13ec-ba5e-4daa-8cb9-3116f895f4cd}</UniqueIdentifier>
    </Filter>
    <Filter Include="Utils\Src">
      <UniqueIdentifier>{9e69df40-b9f3-4aa3-a1f3-49c949a04315}</UniqueIdentifier>
    </Filter>
    <Filter Include="Utils\Src\UtilClasses">
      <UniqueIdentifier>{7a00fb6d-4950-4efb-9c19-a9431d136dd1}</UniqueIdentifier>
    </Filter>
    <Filter Include="Utils\Inc">
      <UniqueIdentifier>{bc04c562-fc07-47ed-a467-11abe82ac4a0}</UniqueIdentifier>
    </Filter>
    <Filter Include="Utils\Inc\UtilClasses">
      <UniqueIdentifier>{8acc0348-a10c-49e7-adeb-62ae221f5585}</UniqueIdentifier>
    </Filter>
    <Filter Include="Patterns\Inc">
      <UniqueIdentifier>{0370f853-dc56-4558-84c3-12537d7752e7}</UniqueIdentifier>
    </Filter>
    <Filter Include="Patterns\Src">
      <UniqueIdentifier>{f550c198-f0f8-4bf1-aa57-c4115f7136ec}</UniqueIdentifier>
    </Filter>
    <Filter Include="Reflection\Inc">
      <UniqueIdentifier>{75b12b87-5e8d-4ec2-b287-7ad4aa9d0f4c}</UniqueIdentifier>
    </Filter>
    <Filter Include="Reflection\Src">
      <UniqueIdentifier>{937ee6e6-3d0d-4045-a750-c464f9765bcb}</UniqueIdentifier>
    </Filter>
    <Filter Include="ECS\Inc">
      <UniqueIdentifier>{1d796698-7ffa-46da-b6bc-8e7396ebb716}</UniqueIdentifier>
    </Filter>
    <Filter Include="ECS\Src">
      <UniqueIdentifier>{7a1f831f-74f6-4ea1-a227-a72a0b60407d}</UniqueIdentifier>
    </Filter>
    <Filter Include="ECS\Inc\CoreComponents">
      <UniqueIdentifier>{ef1d2ebc-d25b-494f-a875-0b4161ab27ee}</UniqueIdentifier>
    </Filter>
    <Filter Include="ECS\Src\CoreComponents">
      <UniqueIdentifier>{9bd2a158-5181-4db8-a6ab-c2e225766373}</UniqueIdentifier>
    </Filter>
    <Filter Include="Core\Inc">
      <UniqueIdentifier>{cd49f1b8-8637-4567-8f7a-9926db1e3ff4}</UniqueIdentifier>
    </Filter>
    <Filter Include="Core\Src">
      <UniqueIdentifier>{017e1cea-d6c2-4bbb-b795-33ae2bcc150b}</UniqueIdentifier>
    </Filter>
    <Filter Include="Tests\Inc">
      <UniqueIdentifier>{bc112d12-348d-411b-9603-bbd0c0049a77}</UniqueIdentifier>
    </Filter>
    <Filter Include="Tests\Src">
      <UniqueIdentifier>{5c9cacad-0939-4a6e-865c-da7b62ddbee2}</UniqueIdentifier>
    </Filter>
    <Filter Include="Tests\Inc\Helpers">
      <UniqueIdentifier>{8def6cdf-7876-4b1f-b39f-415016877140}</UniqueIdentifier>
    </Filter>
    <Filter Include="Tests\Inc\MockObjects">
      <UniqueIdentifier>{2b352c04-6adb-4975-bec4-b8b729ff0df2}</UniqueIdentifier>
    </Filter>
    <Filter Include="Tests\Src\MockObjects">
      <UniqueIdentifier>{952e4cd6-d393-48d1-9580-4229e707bd8a}</UniqueIdentifier>
    </Filter>
    <Filter Include="Tests\Fixtures">
      <UniqueIdentifier>{ebc8fc32-30a7-4983-8289-5f51713e0797}</UniqueIdentifier>
    </Filter>
    <Filter Include="Tests\Fixtures\DebugTests">
      <UniqueIdentifier>{f6435ceb-cba8-452a-9f94-e35dbc3a8414}</UniqueIdentifier>
    </Filter>
    <Filter Include="Tests\Fixtures\ReflectionTests">
      <UniqueIdentifier>{4c18c728-e8f4-4b5c-9416-5822f05fd157}</UniqueIdentifier>
    </Filter>
    <Filter Include="Tests\Data">
      <UniqueIdentifier>{e846808b-fddc-4892-83d1-16ea39b7e354}</UniqueIdentifier>
    </Filter>
    <Filter Include="Tests\Data\Reflection">
      <UniqueIdentifier>{890fb8f2-01b0-414d-a265-09e15bc3ce50}</UniqueIdentifier>
    </Filter>
    <Filter Include="Tests\Data\Rendering">
      <UniqueIdentifier>{093709c1-ebd8-499a-9c35-08fcd56f0809}</UniqueIdentifier>
    </Filter>
    <Filter Include="Libraries\Inc">
      <UniqueIdentifier>{4bc2feea-4663-4a82-abb8-f441e2259d40}</UniqueIdentifier>
    </Filter>
    <Filter Include="Libraries\Src">
      <UniqueIdentifier>{c34aba8b-7ed2-49b0-9292-e339f5cc62e9}</UniqueIdentifier>
    </Filter>
    <Filter Include="Libraries\Inc\entt">
      <UniqueIdentifier>{6480d5e5-787d-4d59-bfc4-eec8ab4461b0}</UniqueIdentifier>
    </Filter>
    <Filter Include="Libraries\Src\pugixml">
      <UniqueIdentifier>{fc960152-4635-40de-b5dd-e47adc3ddc2d}</UniqueIdentifier>
    </Filter>
    <Filter Include="Libraries\Inc\pugixml">
      <UniqueIdentifier>{ec83b054-72b3-4a33-8ebe-41b5c402c544}</UniqueIdentifier>
    </Filter>
    <Filter Include="Resource">
      <UniqueIdentifier>{a5e5dfb8-a9bb-4cb0-af81-6ef69c30b8c6}</UniqueIdentifier>
    </Filter>
    <Filter Include="Resource\Inc">
      <UniqueIdentifier>{2e0ed657-f061-4001-9299-f28039132372}</UniqueIdentifier>
    </Filter>
    <Filter Include="Resource\Src">
      <UniqueIdentifier>{5f33c036-d6c3-4269-b096-dbdf6bd22636}</UniqueIdentifier>
    </Filter>
    <Filter Include="Tests\Fixtures\ResourceTests">
      <UniqueIdentifier>{7ae99563-f203-4ab5-a182-e667c5d3d74e}</UniqueIdentifier>
    </Filter>
    <Filter Include="Rendering">
      <UniqueIdentifier>{d5eaf5ce-0e5d-4886-b9d2-d79834095410}</UniqueIdentifier>
    </Filter>
    <Filter Include="Rendering\Inc">
      <UniqueIdentifier>{b34b42c2-a66f-4894-be8e-c8586392ff49}</UniqueIdentifier>
    </Filter>
    <Filter Include="Rendering\Src">
      <UniqueIdentifier>{62f2de42-f4d6-46f2-a136-31ba85bc6773}</UniqueIdentifier>
    </Filter>
    <Filter Include="Rendering\Inc\Containers">
      <UniqueIdentifier>{77da8503-fe9a-46dc-a57a-f47b93715b79}</UniqueIdentifier>
    </Filter>
    <Filter Include="Rendering\Src\Containers">
      <UniqueIdentifier>{fc86e6e8-aec6-41d5-b077-e98e95aa60d2}</UniqueIdentifier>
    </Filter>
    <Filter Include="Utils\Inc\Debug">
      <UniqueIdentifier>{c372661c-c20e-4936-94c5-ad0fa945b5cd}</UniqueIdentifier>
    </Filter>
    <Filter Include="Utils\Src\Debug">
      <UniqueIdentifier>{d7e2b8d6-7c53-492d-a497-ee90cfab1fda}</UniqueIdentifier>
    </Filter>
    <Filter Include="Rendering\Inc\Buffers">
      <UniqueIdentifier>{eb92a748-e67f-436b-97bc-a1336613dd2f}</UniqueIdentifier>
    </Filter>
    <Filter Include="Rendering\Inc\Shaders">
      <UniqueIdentifier>{0d872b12-08c1-4933-a10c-46bdf1f31858}</UniqueIdentifier>
    </Filter>
    <Filter Include="Rendering\Inc\Textures">
      <UniqueIdentifier>{d4274879-706b-4818-93a8-8f33836e4132}</UniqueIdentifier>
    </Filter>
    <Filter Include="Libraries\Inc\WICTextureLoader">
      <UniqueIdentifier>{cc7ec30f-28c8-4a44-a92b-d736f29aea74}</UniqueIdentifier>
    </Filter>
    <Filter Include="Libraries\Src\WICTextureLoader">
      <UniqueIdentifier>{ffd98577-b66c-462d-bad9-f671ba1b7e54}</UniqueIdentifier>
    </Filter>
    <Filter Include="Input">
      <UniqueIdentifier>{958a56bd-a450-4029-b378-f4492a1b71e9}</UniqueIdentifier>
    </Filter>
    <Filter Include="Input\Inc">
      <UniqueIdentifier>{e128af16-03d5-4091-8201-a55007987354}</UniqueIdentifier>
    </Filter>
    <Filter Include="Input\Src">
      <UniqueIdentifier>{2ac9294b-011e-433f-8ceb-a60b5126e90a}</UniqueIdentifier>
    </Filter>
    <Filter Include="Tests\Inc\Examples">
      <UniqueIdentifier>{2c54c233-68b1-4a79-8ec8-2115ea8d44db}</UniqueIdentifier>
    </Filter>
    <Filter Include="Tests\Src\Examples">
      <UniqueIdentifier>{0270208b-89b5-480a-80e0-57758aae3163}</UniqueIdentifier>
    </Filter>
    <Filter Include="ECS\Inc\CoreSystems">
      <UniqueIdentifier>{40a83653-ca00-4418-b2e9-6c7b4ef68e20}</UniqueIdentifier>
    </Filter>
    <Filter Include="ECS\Src\CoreSystems">
      <UniqueIdentifier>{e19b30f1-11c9-4af0-ada8-e2574a79db81}</UniqueIdentifier>
    </Filter>
    <Filter Include="Rendering\Src\Buffers">
      <UniqueIdentifier>{53d4e827-6f78-4fd1-a5ff-4ccfd0c14dcd}</UniqueIdentifier>
    </Filter>
    <Filter Include="Rendering\Src\Shaders">
      <UniqueIdentifier>{07af15e9-a155-435a-b716-d0cb906b2bbf}</UniqueIdentifier>
    </Filter>
    <Filter Include="Rendering\Src\Textures">
      <UniqueIdentifier>{03d35564-a2ae-4fa2-a335-efb2328f1696}</UniqueIdentifier>
    </Filter>
    <Filter Include="Libraries\Inc\OBJLoader">
      <UniqueIdentifier>{bf6de238-2596-4852-b795-3d4053a44544}</UniqueIdentifier>
    </Filter>
    <Filter Include="ECS\Inc\CoreSingletonComponents">
      <UniqueIdentifier>{6422b455-b88f-41c2-8fdd-3d08c30fb191}</UniqueIdentifier>
    </Filter>
    <Filter Include="ECS\Src\CoreModules">
      <UniqueIdentifier>{9ab6ba6c-bc56-44c8-8d6f-a51465cdbaee}</UniqueIdentifier>
    </Filter>
    <Filter Include="Memory">
      <UniqueIdentifier>{d3252b10-1fda-433e-9183-9cc2e127201d}</UniqueIdentifier>
    </Filter>
    <Filter Include="Memory\Inc">
      <UniqueIdentifier>{97f014df-2e45-411e-96a6-42eec3d8fd4e}</UniqueIdentifier>
    </Filter>
    <Filter Include="Memory\Src">
      <UniqueIdentifier>{49e81952-64dd-4e96-98c5-feda24242f31}</UniqueIdentifier>
    </Filter>
    <Filter Include="Tests\Fixtures\RenderingTests">
      <UniqueIdentifier>{9c9e2ca8-7bd9-497c-b016-54ab299e290e}</UniqueIdentifier>
    </Filter>
    <Filter Include="Tests\Fixtures\InputTests">
      <UniqueIdentifier>{c648e053-e4ab-4409-ac3e-6e7597a9875c}</UniqueIdentifier>
    </Filter>
    <Filter Include="Miscellaneous">
      <UniqueIdentifier>{57b04350-6f7e-4b5c-9159-8c1bc487bce8}</UniqueIdentifier>
    </Filter>
    <Filter Include="ECS\Inc\CoreModules">
      <UniqueIdentifier>{c8129404-7fac-4b52-a0ea-c11b45c23107}</UniqueIdentifier>
    </Filter>
    <Filter Include="Tests\Data\Input">
      <UniqueIdentifier>{9507a751-5721-493c-b3a5-198c1b3ee7d1}</UniqueIdentifier>
    </Filter>
  </ItemGroup>
  <ItemGroup>
    <ClCompile Include="main.cpp" />
    <ClCompile Include="Utils\Src\UtilClasses\Logger.cpp">
      <Filter>Utils\Src\UtilClasses</Filter>
    </ClCompile>
    <ClCompile Include="Utils\Src\ECSUtils.cpp">
      <Filter>Utils\Src</Filter>
    </ClCompile>
    <ClCompile Include="Utils\Src\StringUtils.cpp">
      <Filter>Utils\Src</Filter>
    </ClCompile>
    <ClCompile Include="Utils\Src\MathUtils.cpp">
      <Filter>Utils\Src</Filter>
    </ClCompile>
    <ClCompile Include="Patterns\Src\Singleton.cpp">
      <Filter>Patterns\Src</Filter>
    </ClCompile>
    <ClCompile Include="Reflection\Src\BaseTypeReflection.cpp">
      <Filter>Reflection\Src</Filter>
    </ClCompile>
    <ClCompile Include="Reflection\Src\EntityCreator.cpp">
      <Filter>Reflection\Src</Filter>
    </ClCompile>
    <ClCompile Include="Reflection\Src\EntityPropertyList.cpp">
      <Filter>Reflection\Src</Filter>
    </ClCompile>
    <ClCompile Include="Reflection\Src\StringConverter.cpp">
      <Filter>Reflection\Src</Filter>
    </ClCompile>
    <ClCompile Include="Reflection\Src\XmlParser.cpp">
      <Filter>Reflection\Src</Filter>
    </ClCompile>
    <ClCompile Include="ECS\Src\SystemBase.cpp">
      <Filter>ECS\Src</Filter>
    </ClCompile>
    <ClCompile Include="Core\Src\NabiCore.cpp">
      <Filter>Core\Src</Filter>
    </ClCompile>
    <ClCompile Include="Tests\Fixtures\DebugTests\LoggingTests.cpp">
      <Filter>Tests\Fixtures\DebugTests</Filter>
    </ClCompile>
    <ClCompile Include="Tests\Fixtures\ReflectionTests\ReflectionDebugAttributeTests.cpp">
      <Filter>Tests\Fixtures\ReflectionTests</Filter>
    </ClCompile>
    <ClCompile Include="Tests\Fixtures\ReflectionTests\ReflectionEnumTests.cpp">
      <Filter>Tests\Fixtures\ReflectionTests</Filter>
    </ClCompile>
    <ClCompile Include="Tests\Fixtures\ReflectionTests\ReflectionInitTests.cpp">
      <Filter>Tests\Fixtures\ReflectionTests</Filter>
    </ClCompile>
    <ClCompile Include="Tests\Fixtures\ReflectionTests\ReflectionRuntimeEntityCreationTests.cpp">
      <Filter>Tests\Fixtures\ReflectionTests</Filter>
    </ClCompile>
    <ClCompile Include="Tests\Fixtures\ReflectionTests\ReflectionTemplateTests.cpp">
      <Filter>Tests\Fixtures\ReflectionTests</Filter>
    </ClCompile>
    <ClCompile Include="Tests\Src\MockObjects\MockComponent.cpp">
      <Filter>Tests\Src\MockObjects</Filter>
    </ClCompile>
    <ClCompile Include="Tests\Src\MockObjects\MockCustomDataType.cpp">
      <Filter>Tests\Src\MockObjects</Filter>
    </ClCompile>
    <ClCompile Include="Tests\Src\MockObjects\MockEnum.cpp">
      <Filter>Tests\Src\MockObjects</Filter>
    </ClCompile>
    <ClCompile Include="Tests\Src\MockObjects\MockGameCore.cpp">
      <Filter>Tests\Src\MockObjects</Filter>
    </ClCompile>
    <ClCompile Include="Tests\Src\MockObjects\MockSystem.cpp">
      <Filter>Tests\Src\MockObjects</Filter>
    </ClCompile>
    <ClCompile Include="Libraries\Src\pugixml\pugixml.cpp">
      <Filter>Libraries\Src\pugixml</Filter>
    </ClCompile>
    <ClCompile Include="Tests\Fixtures\ResourceTests\ResourceLoadTests.cpp">
      <Filter>Tests\Fixtures\ResourceTests</Filter>
    </ClCompile>
    <ClCompile Include="Rendering\Src\Containers\Colour.cpp">
      <Filter>Rendering\Src\Containers</Filter>
    </ClCompile>
    <ClCompile Include="Core\Src\Console.cpp">
      <Filter>Core\Src</Filter>
    </ClCompile>
    <ClCompile Include="Core\Src\Window.cpp">
      <Filter>Core\Src</Filter>
    </ClCompile>
    <ClCompile Include="Utils\Src\Debug\DXException.cpp">
      <Filter>Utils\Src\Debug</Filter>
    </ClCompile>
    <ClCompile Include="Rendering\Src\RenderCommand.cpp">
      <Filter>Rendering\Src</Filter>
    </ClCompile>
    <ClCompile Include="Libraries\Src\WICTextureLoader\WICTextureLoader.cpp">
      <Filter>Libraries\Src\WICTextureLoader</Filter>
    </ClCompile>
    <ClCompile Include="ECS\Src\CoreComponents\DrawableComponents.cpp">
      <Filter>ECS\Src\CoreComponents</Filter>
    </ClCompile>
    <ClCompile Include="Tests\Src\Examples\TestDraw.cpp">
      <Filter>Tests\Src\Examples</Filter>
    </ClCompile>
    <ClCompile Include="ECS\Src\CoreSystems\RenderSystem.cpp">
      <Filter>ECS\Src\CoreSystems</Filter>
    </ClCompile>
    <ClCompile Include="ECS\Src\CoreComponents\TransformComponent.cpp">
      <Filter>ECS\Src\CoreComponents</Filter>
    </ClCompile>
    <ClCompile Include="ECS\Src\CoreComponents\CameraComponent.cpp">
      <Filter>ECS\Src\CoreComponents</Filter>
    </ClCompile>
    <ClCompile Include="Rendering\Src\Buffers\ConstantBuffer.cpp">
      <Filter>Rendering\Src\Buffers</Filter>
    </ClCompile>
    <ClCompile Include="Rendering\Src\Buffers\IndexBuffer.cpp">
      <Filter>Rendering\Src\Buffers</Filter>
    </ClCompile>
    <ClCompile Include="Rendering\Src\Buffers\VertexBuffer.cpp">
      <Filter>Rendering\Src\Buffers</Filter>
    </ClCompile>
    <ClCompile Include="Rendering\Src\Textures\Texture.cpp">
      <Filter>Rendering\Src\Textures</Filter>
    </ClCompile>
    <ClCompile Include="Rendering\Src\Shaders\PixelShader.cpp">
      <Filter>Rendering\Src\Shaders</Filter>
    </ClCompile>
    <ClCompile Include="Rendering\Src\Shaders\VertexShader.cpp">
      <Filter>Rendering\Src\Shaders</Filter>
    </ClCompile>
    <ClCompile Include="Utils\Src\DirectXUtils.cpp">
      <Filter>Utils\Src</Filter>
    </ClCompile>
    <ClCompile Include="ECS\Src\CoreComponents\LightComponent.cpp">
      <Filter>ECS\Src\CoreComponents</Filter>
    </ClCompile>
    <ClCompile Include="ECS\Src\CoreSystems\LightingSystem.cpp">
      <Filter>ECS\Src\CoreSystems</Filter>
    </ClCompile>
    <ClCompile Include="ECS\Src\CoreModules\TextModule.cpp">
      <Filter>ECS\Src\CoreModules</Filter>
    </ClCompile>
    <ClCompile Include="ECS\Src\CoreModules\RenderModule.cpp">
      <Filter>ECS\Src\CoreModules</Filter>
    </ClCompile>
    <ClCompile Include="Memory\Src\Allocator.cpp">
      <Filter>Memory\Src</Filter>
    </ClCompile>
    <ClCompile Include="ECS\Src\CoreModules\CameraModule.cpp">
      <Filter>ECS\Src\CoreModules</Filter>
    </ClCompile>
    <ClCompile Include="Core\Src\WindowEventsListener.cpp">
      <Filter>Core\Src</Filter>
    </ClCompile>
    <ClCompile Include="Rendering\Src\Buffers\RenderBuffers.cpp">
      <Filter>Rendering\Src\Buffers</Filter>
    </ClCompile>
    <ClCompile Include="Rendering\Src\Containers\UVs.cpp">
      <Filter>Rendering\Src\Containers</Filter>
    </ClCompile>
    <ClCompile Include="Tests\Fixtures\RenderingTests\RenderingCreationTests.cpp">
      <Filter>Tests\Fixtures\RenderingTests</Filter>
    </ClCompile>
    <ClCompile Include="ECS\Src\CoreSystems\InputSystem.cpp">
      <Filter>ECS\Src\CoreSystems</Filter>
    </ClCompile>
    <ClCompile Include="ECS\Src\CoreModules\InputModule.cpp">
      <Filter>ECS\Src\CoreModules</Filter>
    </ClCompile>
    <ClCompile Include="Tests\Src\Examples\TestInput.cpp">
      <Filter>Tests\Src\Examples</Filter>
    </ClCompile>
    <ClCompile Include="Tests\Fixtures\InputTests\InputStateTests.cpp">
      <Filter>Tests\Fixtures\InputTests</Filter>
    </ClCompile>
    <ClCompile Include="ECS\Src\CoreComponents\UIComponents.cpp">
      <Filter>ECS\Src\CoreComponents</Filter>
    </ClCompile>
    <ClCompile Include="ECS\Src\CoreSystems\UISystem.cpp">
      <Filter>ECS\Src\CoreSystems</Filter>
    </ClCompile>
    <ClCompile Include="Input\Src\InputCodes.cpp">
      <Filter>Input\Src</Filter>
    </ClCompile>
    <ClCompile Include="ECS\Src\CoreModules\EntityModule.cpp">
      <Filter>ECS\Src\CoreModules</Filter>
    </ClCompile>
    <ClCompile Include="ECS\Src\CoreModules\UIModule.cpp">
      <Filter>ECS\Src\CoreModules</Filter>
    </ClCompile>
  </ItemGroup>
  <ItemGroup>
    <ClInclude Include="Core.h" />
    <ClInclude Include="Utils\Inc\BuildUtils.h">
      <Filter>Utils\Inc</Filter>
    </ClInclude>
    <ClInclude Include="Utils\Inc\DebugUtils.h">
      <Filter>Utils\Inc</Filter>
    </ClInclude>
    <ClInclude Include="Utils\Inc\ECSUtils.h">
      <Filter>Utils\Inc</Filter>
    </ClInclude>
    <ClInclude Include="Utils\Inc\EngineUtils.h">
      <Filter>Utils\Inc</Filter>
    </ClInclude>
    <ClInclude Include="Utils\Inc\MathUtils.h">
      <Filter>Utils\Inc</Filter>
    </ClInclude>
    <ClInclude Include="Utils\Inc\StringUtils.h">
      <Filter>Utils\Inc</Filter>
    </ClInclude>
    <ClInclude Include="Utils\Inc\TestUtils.h">
      <Filter>Utils\Inc</Filter>
    </ClInclude>
    <ClInclude Include="Utils\Inc\TypeUtils.h">
      <Filter>Utils\Inc</Filter>
    </ClInclude>
    <ClInclude Include="Utils\Inc\UtilClasses\Logger.h">
      <Filter>Utils\Inc\UtilClasses</Filter>
    </ClInclude>
    <ClInclude Include="Patterns\Inc\Singleton.h">
      <Filter>Patterns\Inc</Filter>
    </ClInclude>
    <ClInclude Include="Reflection\Inc\BaseTypeReflection.h">
      <Filter>Reflection\Inc</Filter>
    </ClInclude>
    <ClInclude Include="Reflection\Inc\EntityCreator.h">
      <Filter>Reflection\Inc</Filter>
    </ClInclude>
    <ClInclude Include="Reflection\Inc\EntityPropertyList.h">
      <Filter>Reflection\Inc</Filter>
    </ClInclude>
    <ClInclude Include="Reflection\Inc\EnumConverter.h">
      <Filter>Reflection\Inc</Filter>
    </ClInclude>
    <ClInclude Include="Reflection\Inc\MetaECSTypes.h">
      <Filter>Reflection\Inc</Filter>
    </ClInclude>
    <ClInclude Include="Reflection\Inc\MetaObjectLookup.h">
      <Filter>Reflection\Inc</Filter>
    </ClInclude>
    <ClInclude Include="Reflection\Inc\ReflectionGlobals.h">
      <Filter>Reflection\Inc</Filter>
    </ClInclude>
    <ClInclude Include="Reflection\Inc\ReflectionHelpers.h">
      <Filter>Reflection\Inc</Filter>
    </ClInclude>
    <ClInclude Include="Reflection\Inc\ReflectionMacros.h">
      <Filter>Reflection\Inc</Filter>
    </ClInclude>
    <ClInclude Include="Reflection\Inc\StringConverter.h">
      <Filter>Reflection\Inc</Filter>
    </ClInclude>
    <ClInclude Include="Reflection\Inc\XmlParser.h">
      <Filter>Reflection\Inc</Filter>
    </ClInclude>
    <ClInclude Include="ECS\Inc\CoreComponents\EntityInfoComponent.h">
      <Filter>ECS\Inc\CoreComponents</Filter>
    </ClInclude>
    <ClInclude Include="ECS\Inc\ComponentBase.h">
      <Filter>ECS\Inc</Filter>
    </ClInclude>
    <ClInclude Include="ECS\Inc\ECSGlobals.h">
      <Filter>ECS\Inc</Filter>
    </ClInclude>
    <ClInclude Include="ECS\Inc\SystemBase.h">
      <Filter>ECS\Inc</Filter>
    </ClInclude>
    <ClInclude Include="Core\Inc\Defines.h">
      <Filter>Core\Inc</Filter>
    </ClInclude>
    <ClInclude Include="Core\Inc\NabiCore.h">
      <Filter>Core\Inc</Filter>
    </ClInclude>
    <ClInclude Include="Tests\Inc\Helpers\Comparison.h">
      <Filter>Tests\Inc\Helpers</Filter>
    </ClInclude>
    <ClInclude Include="Tests\Inc\MockObjects\MockComponent.h">
      <Filter>Tests\Inc\MockObjects</Filter>
    </ClInclude>
    <ClInclude Include="Tests\Inc\MockObjects\MockCustomDataType.h">
      <Filter>Tests\Inc\MockObjects</Filter>
    </ClInclude>
    <ClInclude Include="Tests\Inc\MockObjects\MockEnum.h">
      <Filter>Tests\Inc\MockObjects</Filter>
    </ClInclude>
    <ClInclude Include="Tests\Inc\MockObjects\MockGameCore.h">
      <Filter>Tests\Inc\MockObjects</Filter>
    </ClInclude>
    <ClInclude Include="Tests\Inc\MockObjects\MockSystem.h">
      <Filter>Tests\Inc\MockObjects</Filter>
    </ClInclude>
    <ClInclude Include="Libraries\Inc\entt\entt.h">
      <Filter>Libraries\Inc\entt</Filter>
    </ClInclude>
    <ClInclude Include="Libraries\Inc\pugixml\pugiconfig.hpp">
      <Filter>Libraries\Inc\pugixml</Filter>
    </ClInclude>
    <ClInclude Include="Libraries\Inc\pugixml\pugixml.hpp">
      <Filter>Libraries\Inc\pugixml</Filter>
    </ClInclude>
    <ClInclude Include="Tests\TestCore.h">
      <Filter>Tests</Filter>
    </ClInclude>
    <ClInclude Include="Core\EngineCore.h">
      <Filter>Core</Filter>
    </ClInclude>
    <ClInclude Include="Resource\Inc\ResourceWrappers.h">
      <Filter>Resource\Inc</Filter>
    </ClInclude>
    <ClInclude Include="Resource\Inc\ResourceBank.h">
      <Filter>Resource\Inc</Filter>
    </ClInclude>
    <ClInclude Include="Core\Inc\Context.h">
      <Filter>Core\Inc</Filter>
    </ClInclude>
    <ClInclude Include="Rendering\Inc\Containers\Colour.h">
      <Filter>Rendering\Inc\Containers</Filter>
    </ClInclude>
    <ClInclude Include="Core\Inc\InitSettings.h">
      <Filter>Core\Inc</Filter>
    </ClInclude>
    <ClInclude Include="Core\Inc\Console.h">
      <Filter>Core\Inc</Filter>
    </ClInclude>
    <ClInclude Include="Core\Inc\Window.h">
      <Filter>Core\Inc</Filter>
    </ClInclude>
    <ClInclude Include="Utils\Inc\Debug\DXException.h">
      <Filter>Utils\Inc\Debug</Filter>
    </ClInclude>
    <ClInclude Include="Rendering\Inc\RenderCommand.h">
      <Filter>Rendering\Inc</Filter>
    </ClInclude>
    <ClInclude Include="Rendering\Inc\DXObjects.h">
      <Filter>Rendering\Inc</Filter>
    </ClInclude>
    <ClInclude Include="Core\WinCore.h">
      <Filter>Core</Filter>
    </ClInclude>
    <ClInclude Include="Core\DirectXCore.h">
      <Filter>Core</Filter>
    </ClInclude>
    <ClInclude Include="Rendering\Inc\Buffers\ConstantBuffer.h">
      <Filter>Rendering\Inc\Buffers</Filter>
    </ClInclude>
    <ClInclude Include="Rendering\Inc\Buffers\IndexBuffer.h">
      <Filter>Rendering\Inc\Buffers</Filter>
    </ClInclude>
    <ClInclude Include="Rendering\Inc\Buffers\VertexBuffer.h">
      <Filter>Rendering\Inc\Buffers</Filter>
    </ClInclude>
    <ClInclude Include="Rendering\Inc\Textures\Sampler.h">
      <Filter>Rendering\Inc\Textures</Filter>
    </ClInclude>
    <ClInclude Include="Rendering\Inc\Textures\Texture.h">
      <Filter>Rendering\Inc\Textures</Filter>
    </ClInclude>
    <ClInclude Include="Rendering\Inc\Shaders\PixelShader.h">
      <Filter>Rendering\Inc\Shaders</Filter>
    </ClInclude>
    <ClInclude Include="Rendering\Inc\Shaders\VertexShader.h">
      <Filter>Rendering\Inc\Shaders</Filter>
    </ClInclude>
    <ClInclude Include="Libraries\Inc\WICTextureLoader\WICTextureLoader.h">
      <Filter>Libraries\Inc\WICTextureLoader</Filter>
    </ClInclude>
    <ClInclude Include="ECS\Inc\CoreComponents\DrawableComponents.h">
      <Filter>ECS\Inc\CoreComponents</Filter>
    </ClInclude>
    <ClInclude Include="Tests\Inc\Examples\IExample.h">
      <Filter>Tests\Inc\Examples</Filter>
    </ClInclude>
    <ClInclude Include="Tests\Inc\Examples\TestDraw.h">
      <Filter>Tests\Inc\Examples</Filter>
    </ClInclude>
    <ClInclude Include="ECS\Inc\CoreSystems\RenderSystem.h">
      <Filter>ECS\Inc\CoreSystems</Filter>
    </ClInclude>
    <ClInclude Include="ECS\Inc\CoreComponents\TransformComponent.h">
      <Filter>ECS\Inc\CoreComponents</Filter>
    </ClInclude>
    <ClInclude Include="ECS\Inc\CoreComponents\CameraComponent.h">
      <Filter>ECS\Inc\CoreComponents</Filter>
    </ClInclude>
    <ClInclude Include="Resource\Inc\AssetBank.h">
      <Filter>Resource\Inc</Filter>
    </ClInclude>
    <ClInclude Include="Libraries\Inc\OBJLoader\OBJLoader.h">
      <Filter>Libraries\Inc\OBJLoader</Filter>
    </ClInclude>
    <ClInclude Include="resource.h" />
    <ClInclude Include="Utils\Inc\DirectXUtils.h">
      <Filter>Utils\Inc</Filter>
    </ClInclude>
    <ClInclude Include="Utils\Inc\Debug\EngineLoggingCatagories.h">
      <Filter>Utils\Inc\Debug</Filter>
    </ClInclude>
    <ClInclude Include="ECS\Inc\CoreComponents\LightComponent.h">
      <Filter>ECS\Inc\CoreComponents</Filter>
    </ClInclude>
    <ClInclude Include="ECS\Inc\CoreSystems\LightingSystem.h">
      <Filter>ECS\Inc\CoreSystems</Filter>
    </ClInclude>
    <ClInclude Include="ECS\Inc\CoreSingletonComponents\LightStateComponent.h">
      <Filter>ECS\Inc\CoreSingletonComponents</Filter>
    </ClInclude>
    <ClInclude Include="ECS\Inc\CoreSingletonComponents\GraphicsComponent.h">
      <Filter>ECS\Inc\CoreSingletonComponents</Filter>
    </ClInclude>
    <ClInclude Include="ECS\Inc\CoreComponents\SpatialHierarchyComponent.h">
      <Filter>ECS\Inc\CoreComponents</Filter>
    </ClInclude>
    <ClInclude Include="ECS\Inc\CoreModules\TextModule.h">
      <Filter>ECS\Inc\CoreModules</Filter>
    </ClInclude>
    <ClInclude Include="Rendering\Inc\Containers\UVs.h">
      <Filter>Rendering\Inc\Containers</Filter>
    </ClInclude>
    <ClInclude Include="ECS\Inc\CoreModules\RenderModule.h">
      <Filter>ECS\Inc\CoreModules</Filter>
    </ClInclude>
    <ClInclude Include="Memory\Inc\Allocator.h">
      <Filter>Memory\Inc</Filter>
    </ClInclude>
    <ClInclude Include="ECS\Inc\CoreModules\CameraModule.h">
      <Filter>ECS\Inc\CoreModules</Filter>
    </ClInclude>
    <ClInclude Include="Core\Inc\WindowEventsListener.h">
      <Filter>Core\Inc</Filter>
    </ClInclude>
    <ClInclude Include="Rendering\Inc\Containers\Vertex.h">
      <Filter>Rendering\Inc\Containers</Filter>
    </ClInclude>
    <ClInclude Include="Rendering\Inc\Buffers\RenderBuffers.h">
      <Filter>Rendering\Inc\Buffers</Filter>
    </ClInclude>
    <ClInclude Include="Reflection\Inc\ReflectionCore.h">
      <Filter>Reflection\Inc</Filter>
    </ClInclude>
    <ClInclude Include="Reflection\Inc\EntityGroup.h">
      <Filter>Reflection\Inc</Filter>
    </ClInclude>
    <ClInclude Include="Input\Inc\InputState.h">
      <Filter>Input\Inc</Filter>
    </ClInclude>
    <ClInclude Include="ECS\Inc\CoreSingletonComponents\InputStateComponent.h">
      <Filter>ECS\Inc\CoreSingletonComponents</Filter>
    </ClInclude>
    <ClInclude Include="Input\Inc\InputCodes.h">
      <Filter>Input\Inc</Filter>
    </ClInclude>
    <ClInclude Include="ECS\Inc\CoreSystems\InputSystem.h">
      <Filter>ECS\Inc\CoreSystems</Filter>
    </ClInclude>
    <ClInclude Include="ECS\Inc\CoreModules\InputModule.h">
      <Filter>ECS\Inc\CoreModules</Filter>
    </ClInclude>
    <ClInclude Include="Tests\Inc\Examples\TestInput.h">
      <Filter>Tests\Inc\Examples</Filter>
    </ClInclude>
    <ClInclude Include="ECS\Inc\CoreComponents\UIComponents.h">
      <Filter>ECS\Inc\CoreComponents</Filter>
    </ClInclude>
    <ClInclude Include="ECS\Inc\CoreSingletonComponents\UIStateComponent.h">
      <Filter>ECS\Inc\CoreSingletonComponents</Filter>
    </ClInclude>
    <ClInclude Include="ECS\Inc\CoreSystems\UISystem.h">
      <Filter>ECS\Inc\CoreSystems</Filter>
    </ClInclude>
    <ClInclude Include="ECS\Inc\CoreModules\UIModule.h">
      <Filter>ECS\Inc\CoreModules</Filter>
    </ClInclude>
    <ClInclude Include="ECS\Inc\CoreModules\EntityModule.h">
      <Filter>ECS\Inc\CoreModules</Filter>
    </ClInclude>
    <ClInclude Include="ECS\Inc\CoreModules\ReflectionModule.h">
      <Filter>ECS\Inc\CoreModules</Filter>
    </ClInclude>
    <ClInclude Include="Core\Inc\NabiEventsManager.h">
      <Filter>Core\Inc</Filter>
    </ClInclude>
  </ItemGroup>
  <ItemGroup>
    <None Include="packages.config" />
    <None Include="cpp.hint" />
    <None Include="Tests\Data\Rendering\Common.hlsli">
      <Filter>Tests\Data\Rendering</Filter>
    </None>
  </ItemGroup>
  <ItemGroup>
    <Text Include="Todo.txt" />
  </ItemGroup>
  <ItemGroup>
    <Xml Include="Tests\Data\Reflection\test_debug_entity_file.xml">
      <Filter>Tests\Data\Reflection</Filter>
    </Xml>
    <Xml Include="Tests\Data\Reflection\test_entity_file.xml">
      <Filter>Tests\Data\Reflection</Filter>
    </Xml>
    <Xml Include="Tests\Data\Reflection\test_entity_template_file.xml">
      <Filter>Tests\Data\Reflection</Filter>
    </Xml>
    <Xml Include="Tests\Data\Reflection\test_route_file.xml">
      <Filter>Tests\Data\Reflection</Filter>
    </Xml>
    <Xml Include="Tests\Data\Reflection\test_system_file.xml">
      <Filter>Tests\Data\Reflection</Filter>
    </Xml>
    <Xml Include="Tests\Data\Reflection\test_library_entity_file.xml">
      <Filter>Tests\Data\Reflection</Filter>
    </Xml>
    <Xml Include="Tests\Data\Reflection\test_container_entity_file.xml">
      <Filter>Tests\Data\Reflection</Filter>
    </Xml>
    <Xml Include="Tests\Data\Input\test_ui_entities.xml">
      <Filter>Tests\Data\Input</Filter>
    </Xml>
  </ItemGroup>
  <ItemGroup>
    <ResourceCompile Include="Nabi.rc">
      <Filter>Libraries</Filter>
    </ResourceCompile>
  </ItemGroup>
  <ItemGroup>
    <FxCompile Include="Tests\Data\Rendering\PixelShader3D.hlsl">
      <Filter>Tests\Data\Rendering</Filter>
    </FxCompile>
    <FxCompile Include="Tests\Data\Rendering\VertexShader3D.hlsl">
      <Filter>Tests\Data\Rendering</Filter>
    </FxCompile>
    <FxCompile Include="Tests\Data\Rendering\PixelShader2D.hlsl">
      <Filter>Tests\Data\Rendering</Filter>
    </FxCompile>
    <FxCompile Include="Tests\Data\Rendering\VertexShader2D.hlsl">
      <Filter>Tests\Data\Rendering</Filter>
    </FxCompile>
    <FxCompile Include="Tests\Data\Rendering\PixelShaderSkybox.hlsl">
      <Filter>Tests\Data\Rendering</Filter>
    </FxCompile>
    <FxCompile Include="Tests\Data\Rendering\VertexShaderSkybox.hlsl">
      <Filter>Tests\Data\Rendering</Filter>
    </FxCompile>
  </ItemGroup>
  <ItemGroup>
    <Image Include="Icon\icon.ico">
      <Filter>Miscellaneous</Filter>
    </Image>
  </ItemGroup>
</Project>