<?xml version="1.0" encoding="utf-8"?>
<Project ToolsVersion="4.0" xmlns="http://schemas.microsoft.com/developer/msbuild/2003">
  <ItemGroup>
    <Filter Include="Libraries">
      <UniqueIdentifier>{67DA6AB6-F800-4c08-8B7A-83BB121AAD01}</UniqueIdentifier>
      <Extensions>rc;ico;cur;bmp;dlg;rc2;rct;bin;rgs;gif;jpg;jpeg;jpe;resx;tiff;tif;png;wav;mfcribbon-ms</Extensions>
    </Filter>
    <Filter Include="Libraries\entt">
      <UniqueIdentifier>{6480d5e5-787d-4d59-bfc4-eec8ab4461b0}</UniqueIdentifier>
    </Filter>
    <Filter Include="Libraries\pugixml">
      <UniqueIdentifier>{ec83b054-72b3-4a33-8ebe-41b5c402c544}</UniqueIdentifier>
    </Filter>
    <Filter Include="Reflection">
      <UniqueIdentifier>{ab8c89f5-370a-4970-818a-870ad03113b3}</UniqueIdentifier>
    </Filter>
    <Filter Include="ECS">
      <UniqueIdentifier>{086fc726-3f55-4e8a-b7ad-9a9aaec12f05}</UniqueIdentifier>
    </Filter>
    <Filter Include="Utils">
      <UniqueIdentifier>{46ff4215-b38f-4002-932b-ba91583b407b}</UniqueIdentifier>
    </Filter>
    <Filter Include="Core">
      <UniqueIdentifier>{6be6307c-2087-49c7-93cf-3d0feeffe9a8}</UniqueIdentifier>
    </Filter>
    <Filter Include="ECS\CoreComponents">
      <UniqueIdentifier>{aaf2c6b4-9b57-4dbd-9590-6577d1979245}</UniqueIdentifier>
    </Filter>
    <Filter Include="Tests">
      <UniqueIdentifier>{97113a89-756d-4a08-a8c8-a67742d7b089}</UniqueIdentifier>
    </Filter>
    <Filter Include="Tests\TestData">
      <UniqueIdentifier>{e846808b-fddc-4892-83d1-16ea39b7e354}</UniqueIdentifier>
    </Filter>
    <Filter Include="Tests\MockObjects">
      <UniqueIdentifier>{2b352c04-6adb-4975-bec4-b8b729ff0df2}</UniqueIdentifier>
    </Filter>
    <Filter Include="Tests\TestData\TestReflectionData">
      <UniqueIdentifier>{890fb8f2-01b0-414d-a265-09e15bc3ce50}</UniqueIdentifier>
    </Filter>
    <Filter Include="Tests\TestData\TestRenderingData">
      <UniqueIdentifier>{093709c1-ebd8-499a-9c35-08fcd56f0809}</UniqueIdentifier>
    </Filter>
    <Filter Include="Utils\UtilClasses">
      <UniqueIdentifier>{8acc0348-a10c-49e7-adeb-62ae221f5585}</UniqueIdentifier>
    </Filter>
    <Filter Include="Templates">
      <UniqueIdentifier>{571a13ec-ba5e-4daa-8cb9-3116f895f4cd}</UniqueIdentifier>
    </Filter>
    <Filter Include="Tests\Helpers">
      <UniqueIdentifier>{8def6cdf-7876-4b1f-b39f-415016877140}</UniqueIdentifier>
    </Filter>
    <Filter Include="Tests\Fixtures">
      <UniqueIdentifier>{eb5d9135-e324-45d3-b17c-88126a6945ce}</UniqueIdentifier>
    </Filter>
    <Filter Include="Tests\Fixtures\DebugTests">
      <UniqueIdentifier>{cd9cd0ef-21ab-4bb8-ab9b-de1ec11e8269}</UniqueIdentifier>
    </Filter>
    <Filter Include="Tests\Fixtures\ReflectionTests">
      <UniqueIdentifier>{169a5f6d-5342-44e9-b60d-f2c781d41968}</UniqueIdentifier>
    </Filter>
    <Filter Include="Reflection\Runtime">
      <UniqueIdentifier>{93e8cb1b-87e7-4ce6-a623-0f98033b873b}</UniqueIdentifier>
    </Filter>
  </ItemGroup>
  <ItemGroup>
    <ClCompile Include="main.cpp" />
    <ClCompile Include="Libraries\pugixml\pugixml.cpp">
      <Filter>Libraries\pugixml</Filter>
    </ClCompile>
    <ClCompile Include="Reflection\StringConverter.cpp">
      <Filter>Reflection</Filter>
    </ClCompile>
    <ClCompile Include="Reflection\XmlParser.cpp">
      <Filter>Reflection</Filter>
    </ClCompile>
    <ClCompile Include="Core\NabiCore.cpp">
      <Filter>Core</Filter>
    </ClCompile>
    <ClCompile Include="Tests\MockObjects\MockComponent.cpp">
      <Filter>Tests\MockObjects</Filter>
    </ClCompile>
    <ClCompile Include="Tests\MockObjects\MockCustomDataType.cpp">
      <Filter>Tests\MockObjects</Filter>
    </ClCompile>
    <ClCompile Include="Tests\MockObjects\MockGameCore.cpp">
      <Filter>Tests\MockObjects</Filter>
    </ClCompile>
    <ClCompile Include="Tests\MockObjects\MockSystem.cpp">
      <Filter>Tests\MockObjects</Filter>
    </ClCompile>
    <ClCompile Include="Reflection\BaseTypeReflection.cpp">
      <Filter>Reflection</Filter>
    </ClCompile>
    <ClCompile Include="Utils\UtilClasses\Logger.cpp">
      <Filter>Utils\UtilClasses</Filter>
    </ClCompile>
    <ClCompile Include="Templates\Singleton.cpp">
      <Filter>Templates</Filter>
    </ClCompile>
    <ClCompile Include="Tests\Fixtures\DebugTests\LoggingTests.cpp">
      <Filter>Tests\Fixtures\DebugTests</Filter>
    </ClCompile>
    <ClCompile Include="Tests\Fixtures\ReflectionTests\ReflectionInitTests.cpp">
      <Filter>Tests\Fixtures\ReflectionTests</Filter>
    </ClCompile>
    <ClCompile Include="Tests\Fixtures\ReflectionTests\ReflectionTemplateTests.cpp">
      <Filter>Tests\Fixtures\ReflectionTests</Filter>
    </ClCompile>
    <ClCompile Include="Tests\MockObjects\MockEnum.cpp">
      <Filter>Tests\MockObjects</Filter>
    </ClCompile>
    <ClCompile Include="Tests\Fixtures\ReflectionTests\ReflectionEnumTests.cpp">
      <Filter>Tests\Fixtures\ReflectionTests</Filter>
    </ClCompile>
    <ClCompile Include="Tests\Fixtures\ReflectionTests\ReflectionDebugAttributeTests.cpp">
      <Filter>Tests\Fixtures\ReflectionTests</Filter>
    </ClCompile>
    <ClCompile Include="Reflection\Runtime\EntityPropertyList.cpp">
      <Filter>Reflection\Runtime</Filter>
    </ClCompile>
    <ClCompile Include="Reflection\Runtime\EntityCreator.cpp">
      <Filter>Reflection\Runtime</Filter>
    </ClCompile>
  </ItemGroup>
  <ItemGroup>
    <ClInclude Include="Libraries\entt\entt.h">
      <Filter>Libraries\entt</Filter>
    </ClInclude>
    <ClInclude Include="Libraries\pugixml\pugiconfig.hpp">
      <Filter>Libraries\pugixml</Filter>
    </ClInclude>
    <ClInclude Include="Libraries\pugixml\pugixml.hpp">
      <Filter>Libraries\pugixml</Filter>
    </ClInclude>
    <ClInclude Include="Core.h" />
    <ClInclude Include="Reflection\StringConverter.h">
      <Filter>Reflection</Filter>
    </ClInclude>
    <ClInclude Include="Reflection\ReflectionGlobals.h">
      <Filter>Reflection</Filter>
    </ClInclude>
    <ClInclude Include="Reflection\MetaObjectLookup.h">
      <Filter>Reflection</Filter>
    </ClInclude>
    <ClInclude Include="Reflection\ReflectionMacros.h">
      <Filter>Reflection</Filter>
    </ClInclude>
    <ClInclude Include="Reflection\XmlParser.h">
      <Filter>Reflection</Filter>
    </ClInclude>
    <ClInclude Include="Reflection\ReflectionHelpers.h">
      <Filter>Reflection</Filter>
    </ClInclude>
    <ClInclude Include="ECS\SystemBase.h">
      <Filter>ECS</Filter>
    </ClInclude>
    <ClInclude Include="ECS\ComponentBase.h">
      <Filter>ECS</Filter>
    </ClInclude>
    <ClInclude Include="Utils\DebugUtils.h">
      <Filter>Utils</Filter>
    </ClInclude>
    <ClInclude Include="Utils\StringUtils.h">
      <Filter>Utils</Filter>
    </ClInclude>
    <ClInclude Include="Core\NabiCore.h">
      <Filter>Core</Filter>
    </ClInclude>
    <ClInclude Include="ECS\CoreComponents\EntityInfoComponent.h">
      <Filter>ECS\CoreComponents</Filter>
    </ClInclude>
    <ClInclude Include="Utils\TestUtils.h">
      <Filter>Utils</Filter>
    </ClInclude>
    <ClInclude Include="Tests\MockObjects\MockComponent.h">
      <Filter>Tests\MockObjects</Filter>
    </ClInclude>
    <ClInclude Include="Tests\MockObjects\MockCustomDataType.h">
      <Filter>Tests\MockObjects</Filter>
    </ClInclude>
    <ClInclude Include="Tests\MockObjects\MockGameCore.h">
      <Filter>Tests\MockObjects</Filter>
    </ClInclude>
    <ClInclude Include="Tests\MockObjects\MockSystem.h">
      <Filter>Tests\MockObjects</Filter>
    </ClInclude>
    <ClInclude Include="Tests\TestCore.h">
      <Filter>Tests</Filter>
    </ClInclude>
    <ClInclude Include="Reflection\BaseTypeReflection.h">
      <Filter>Reflection</Filter>
    </ClInclude>
    <ClInclude Include="Utils\UtilClasses\Logger.h">
      <Filter>Utils\UtilClasses</Filter>
    </ClInclude>
    <ClInclude Include="Templates\Singleton.h">
      <Filter>Templates</Filter>
    </ClInclude>
    <ClInclude Include="Reflection\MetaECSTypes.h">
      <Filter>Reflection</Filter>
    </ClInclude>
    <ClInclude Include="Tests\Helpers\Comparison.h">
      <Filter>Tests\Helpers</Filter>
    </ClInclude>
    <ClInclude Include="Tests\MockObjects\MockEnum.h">
      <Filter>Tests\MockObjects</Filter>
    </ClInclude>
    <ClInclude Include="Reflection\EnumConverter.h">
      <Filter>Reflection</Filter>
    </ClInclude>
    <ClInclude Include="Utils\BuildUtils.h">
      <Filter>Utils</Filter>
    </ClInclude>
    <ClInclude Include="Core\Defines.h">
      <Filter>Core</Filter>
    </ClInclude>
    <ClInclude Include="Utils\MathUtils.h">
      <Filter>Utils</Filter>
    </ClInclude>
    <ClInclude Include="Reflection\Runtime\EntityPropertyList.h">
      <Filter>Reflection\Runtime</Filter>
    </ClInclude>
    <ClInclude Include="Reflection\Runtime\EntityCreator.h">
      <Filter>Reflection\Runtime</Filter>
    </ClInclude>
  </ItemGroup>
  <ItemGroup>
    <None Include="packages.config" />
  </ItemGroup>
  <ItemGroup>
    <Xml Include="Tests\TestData\TestReflectionData\test_entity_file.xml">
      <Filter>Tests\TestData\TestReflectionData</Filter>
    </Xml>
    <Xml Include="Tests\TestData\TestReflectionData\test_system_file.xml">
      <Filter>Tests\TestData\TestReflectionData</Filter>
    </Xml>
    <Xml Include="Tests\TestData\TestReflectionData\test_route_file.xml">
      <Filter>Tests\TestData\TestReflectionData</Filter>
    </Xml>
    <Xml Include="Tests\TestData\TestReflectionData\test_entity_template_file.xml">
      <Filter>Tests\TestData\TestReflectionData</Filter>
    </Xml>
    <Xml Include="Tests\TestData\TestReflectionData\test_debug_entity_file.xml">
      <Filter>Tests\TestData\TestReflectionData</Filter>
    </Xml>
  </ItemGroup>
  <ItemGroup>
    <Text Include="Todo.txt" />
  </ItemGroup>
</Project>